
Microsoft Visual Studio Solution File, Format Version 12.00
# Visual Studio Version 17
VisualStudioVersion = 17.2.32602.215
MinimumVisualStudioVersion = 10.0.40219.1
Project("{2150E333-8FDC-42A3-9474-1A3956D46DE8}") = "BookStore.Domain", "BookStore.Domain", "{B051FA2A-CE39-4105-AB33-A654422D8EB3}"
EndProject
Project("{2150E333-8FDC-42A3-9474-1A3956D46DE8}") = "BookStore.Infrastructure", "BookStore.Infrastructure", "{52102DDF-40D8-4DD1-B805-752EF9FB8C4F}"
EndProject
Project("{2150E333-8FDC-42A3-9474-1A3956D46DE8}") = "Bookstore,Application", "Bookstore,Application", "{4D428890-6016-4B1A-8A5B-1C5FBC0767FD}"
EndProject
Project("{9A19103F-16F7-4668-BE54-9A1E7A4F7556}") = "BookStore.Domain", "BookStore.Domain\BookStore.Domain.csproj", "{D10B3754-15FF-4425-8D1E-BF9A66950838}"
EndProject
Project("{9A19103F-16F7-4668-BE54-9A1E7A4F7556}") = "BookStore.Infrastructure", "BookStore.Infrastructure\BookStore.Infrastructure.csproj", "{4F383D0C-3E02-46B2-9040-D372C9197CD2}"
EndProject
Project("{9A19103F-16F7-4668-BE54-9A1E7A4F7556}") = "BookStore.Application", "BookStore.Application\BookStore.Application.csproj", "{1573CB9B-75EF-4C6F-822C-9213083D31EA}"
EndProject
Project("{2150E333-8FDC-42A3-9474-1A3956D46DE8}") = "BookStore.Api", "BookStore.Api", "{E65103A1-B577-4284-8211-31B4BDC57A8D}"
EndProject
Project("{9A19103F-16F7-4668-BE54-9A1E7A4F7556}") = "BookStore.Api", "BookStore.Api\BookStore.Api.csproj", "{A64548A5-5E2E-40CD-ABFE-785BCD6D8EF9}"
EndProject
Project("{2150E333-8FDC-42A3-9474-1A3956D46DE8}") = "BookStore.Web", "BookStore.Web", "{1B34DF2F-63BE-4B2E-AE20-8DD3FB57C87A}"
EndProject
Project("{54A90642-561A-4BB1-A94E-469ADEE60C69}") = "BookStore.Web", "BookStore.Web\BookStore.Web\BookStore.Web.esproj", "{0DB507FE-CCEB-425C-9810-43A8FD192263}"
EndProject
Global
	GlobalSection(SolutionConfigurationPlatforms) = preSolution
		Debug|Any CPU = Debug|Any CPU
		Release|Any CPU = Release|Any CPU
	EndGlobalSection
	GlobalSection(ProjectConfigurationPlatforms) = postSolution
		{D10B3754-15FF-4425-8D1E-BF9A66950838}.Debug|Any CPU.ActiveCfg = Debug|Any CPU
		{D10B3754-15FF-4425-8D1E-BF9A66950838}.Debug|Any CPU.Build.0 = Debug|Any CPU
		{D10B3754-15FF-4425-8D1E-BF9A66950838}.Release|Any CPU.ActiveCfg = Release|Any CPU
		{D10B3754-15FF-4425-8D1E-BF9A66950838}.Release|Any CPU.Build.0 = Release|Any CPU
		{4F383D0C-3E02-46B2-9040-D372C9197CD2}.Debug|Any CPU.ActiveCfg = Debug|Any CPU
		{4F383D0C-3E02-46B2-9040-D372C9197CD2}.Debug|Any CPU.Build.0 = Debug|Any CPU
		{4F383D0C-3E02-46B2-9040-D372C9197CD2}.Release|Any CPU.ActiveCfg = Release|Any CPU
		{4F383D0C-3E02-46B2-9040-D372C9197CD2}.Release|Any CPU.Build.0 = Release|Any CPU
		{1573CB9B-75EF-4C6F-822C-9213083D31EA}.Debug|Any CPU.ActiveCfg = Debug|Any CPU
		{1573CB9B-75EF-4C6F-822C-9213083D31EA}.Debug|Any CPU.Build.0 = Debug|Any CPU
		{1573CB9B-75EF-4C6F-822C-9213083D31EA}.Release|Any CPU.ActiveCfg = Release|Any CPU
		{1573CB9B-75EF-4C6F-822C-9213083D31EA}.Release|Any CPU.Build.0 = Release|Any CPU
		{A64548A5-5E2E-40CD-ABFE-785BCD6D8EF9}.Debug|Any CPU.ActiveCfg = Debug|Any CPU
		{A64548A5-5E2E-40CD-ABFE-785BCD6D8EF9}.Debug|Any CPU.Build.0 = Debug|Any CPU
		{A64548A5-5E2E-40CD-ABFE-785BCD6D8EF9}.Release|Any CPU.ActiveCfg = Release|Any CPU
		{A64548A5-5E2E-40CD-ABFE-785BCD6D8EF9}.Release|Any CPU.Build.0 = Release|Any CPU
		{0DB507FE-CCEB-425C-9810-43A8FD192263}.Debug|Any CPU.ActiveCfg = Debug|Any CPU
		{0DB507FE-CCEB-425C-9810-43A8FD192263}.Debug|Any CPU.Build.0 = Debug|Any CPU
		{0DB507FE-CCEB-425C-9810-43A8FD192263}.Debug|Any CPU.Deploy.0 = Debug|Any CPU
		{0DB507FE-CCEB-425C-9810-43A8FD192263}.Release|Any CPU.ActiveCfg = Release|Any CPU
		{0DB507FE-CCEB-425C-9810-43A8FD192263}.Release|Any CPU.Build.0 = Release|Any CPU
		{0DB507FE-CCEB-425C-9810-43A8FD192263}.Release|Any CPU.Deploy.0 = Release|Any CPU
	EndGlobalSection
	GlobalSection(SolutionProperties) = preSolution
		HideSolutionNode = FALSE
	EndGlobalSection
	GlobalSection(NestedProjects) = preSolution
		{D10B3754-15FF-4425-8D1E-BF9A66950838} = {B051FA2A-CE39-4105-AB33-A654422D8EB3}
		{4F383D0C-3E02-46B2-9040-D372C9197CD2} = {52102DDF-40D8-4DD1-B805-752EF9FB8C4F}
		{1573CB9B-75EF-4C6F-822C-9213083D31EA} = {4D428890-6016-4B1A-8A5B-1C5FBC0767FD}
		{A64548A5-5E2E-40CD-ABFE-785BCD6D8EF9} = {E65103A1-B577-4284-8211-31B4BDC57A8D}
		{0DB507FE-CCEB-425C-9810-43A8FD192263} = {1B34DF2F-63BE-4B2E-AE20-8DD3FB57C87A}
	EndGlobalSection
	GlobalSection(ExtensibilityGlobals) = postSolution
		SolutionGuid = {C061E14C-A996-4153-8EA7-BB4C6D6A7A5E}
	EndGlobalSection
EndGlobal
