
Microsoft Visual Studio Solution File, Format Version 12.00
# Visual Studio Version 17
VisualStudioVersion = 17.2.32602.215
MinimumVisualStudioVersion = 10.0.40219.1
Project("{2150E333-8FDC-42A3-9474-1A3956D46DE8}") = "BookStore.Domain", "BookStore.Domain", "{B051FA2A-CE39-4105-AB33-A654422D8EB3}"
EndProject
Project("{2150E333-8FDC-42A3-9474-1A3956D46DE8}") = "BookStore.Infrastructure", "BookStore.Infrastructure", "{52102DDF-40D8-4DD1-B805-752EF9FB8C4F}"
EndProject
Project("{2150E333-8FDC-42A3-9474-1A3956D46DE8}") = "Bookstore,Application", "Bookstore,Application", "{4D428890-6016-4B1A-8A5B-1C5FBC0767FD}"
EndProject
Project("{2150E333-8FDC-42A3-9474-1A3956D46DE8}") = "Bookstrore.Web", "Bookstrore.Web", "{2A9539D8-D41F-49C6-A927-868E5767B995}"
EndProject
Project("{9A19103F-16F7-4668-BE54-9A1E7A4F7556}") = "BookStore.Domain", "BookStore.Domain\BookStore.Domain.csproj", "{D10B3754-15FF-4425-8D1E-BF9A66950838}"
EndProject
Project("{9A19103F-16F7-4668-BE54-9A1E7A4F7556}") = "BookStore.Infrastructure.Data", "BookStore.Infrastructure\BookStore.Infrastructure.Data.csproj", "{4F383D0C-3E02-46B2-9040-D372C9197CD2}"
EndProject
Project("{9A19103F-16F7-4668-BE54-9A1E7A4F7556}") = "BookStore.Application", "BookStore.Application\BookStore.Application.csproj", "{1573CB9B-75EF-4C6F-822C-9213083D31EA}"
EndProject
Project("{2150E333-8FDC-42A3-9474-1A3956D46DE8}") = "BookStore.API", "BookStore.API", "{391E85A1-0FA7-4749-9F0E-DEA5DC821668}"
EndProject
Project("{9A19103F-16F7-4668-BE54-9A1E7A4F7556}") = "BookStore.Api", "BookStore.Api\BookStore.Api.csproj", "{F699B0C8-0302-4B43-99F6-537740338265}"
EndProject
Project("{9A19103F-16F7-4668-BE54-9A1E7A4F7556}") = "BookStore.Infrastracture.IoC", "BookStore.Infrastracture.IoC\BookStore.Infrastracture.IoC.csproj", "{9B4C8A14-7A51-4236-9B15-B3146E097C30}"
EndProject
Project("{2150E333-8FDC-42A3-9474-1A3956D46DE8}") = "BookStore.Test", "BookStore.Test", "{AF664816-4BD5-4770-A159-333093103807}"
EndProject
Project("{FAE04EC0-301F-11D3-BF4B-00C04F79EFBC}") = "BookStore.Test", "BookStore.Test\BookStore.Test.csproj", "{9168658D-F612-45A4-8D5A-75C92D978FFF}"
EndProject
Global
	GlobalSection(SolutionConfigurationPlatforms) = preSolution
		Debug|Any CPU = Debug|Any CPU
		Release|Any CPU = Release|Any CPU
	EndGlobalSection
	GlobalSection(ProjectConfigurationPlatforms) = postSolution
		{D10B3754-15FF-4425-8D1E-BF9A66950838}.Debug|Any CPU.ActiveCfg = Debug|Any CPU
		{D10B3754-15FF-4425-8D1E-BF9A66950838}.Debug|Any CPU.Build.0 = Debug|Any CPU
		{D10B3754-15FF-4425-8D1E-BF9A66950838}.Release|Any CPU.ActiveCfg = Release|Any CPU
		{D10B3754-15FF-4425-8D1E-BF9A66950838}.Release|Any CPU.Build.0 = Release|Any CPU
		{4F383D0C-3E02-46B2-9040-D372C9197CD2}.Debug|Any CPU.ActiveCfg = Debug|Any CPU
		{4F383D0C-3E02-46B2-9040-D372C9197CD2}.Debug|Any CPU.Build.0 = Debug|Any CPU
		{4F383D0C-3E02-46B2-9040-D372C9197CD2}.Release|Any CPU.ActiveCfg = Release|Any CPU
		{4F383D0C-3E02-46B2-9040-D372C9197CD2}.Release|Any CPU.Build.0 = Release|Any CPU
		{1573CB9B-75EF-4C6F-822C-9213083D31EA}.Debug|Any CPU.ActiveCfg = Debug|Any CPU
		{1573CB9B-75EF-4C6F-822C-9213083D31EA}.Debug|Any CPU.Build.0 = Debug|Any CPU
		{1573CB9B-75EF-4C6F-822C-9213083D31EA}.Release|Any CPU.ActiveCfg = Release|Any CPU
		{1573CB9B-75EF-4C6F-822C-9213083D31EA}.Release|Any CPU.Build.0 = Release|Any CPU
		{F699B0C8-0302-4B43-99F6-537740338265}.Debug|Any CPU.ActiveCfg = Debug|Any CPU
		{F699B0C8-0302-4B43-99F6-537740338265}.Debug|Any CPU.Build.0 = Debug|Any CPU
		{F699B0C8-0302-4B43-99F6-537740338265}.Release|Any CPU.ActiveCfg = Release|Any CPU
		{F699B0C8-0302-4B43-99F6-537740338265}.Release|Any CPU.Build.0 = Release|Any CPU
		{9B4C8A14-7A51-4236-9B15-B3146E097C30}.Debug|Any CPU.ActiveCfg = Debug|Any CPU
		{9B4C8A14-7A51-4236-9B15-B3146E097C30}.Debug|Any CPU.Build.0 = Debug|Any CPU
		{9B4C8A14-7A51-4236-9B15-B3146E097C30}.Release|Any CPU.ActiveCfg = Release|Any CPU
		{9B4C8A14-7A51-4236-9B15-B3146E097C30}.Release|Any CPU.Build.0 = Release|Any CPU
		{9168658D-F612-45A4-8D5A-75C92D978FFF}.Debug|Any CPU.ActiveCfg = Debug|Any CPU
		{9168658D-F612-45A4-8D5A-75C92D978FFF}.Debug|Any CPU.Build.0 = Debug|Any CPU
		{9168658D-F612-45A4-8D5A-75C92D978FFF}.Release|Any CPU.ActiveCfg = Release|Any CPU
		{9168658D-F612-45A4-8D5A-75C92D978FFF}.Release|Any CPU.Build.0 = Release|Any CPU
	EndGlobalSection
	GlobalSection(SolutionProperties) = preSolution
		HideSolutionNode = FALSE
	EndGlobalSection
	GlobalSection(NestedProjects) = preSolution
		{D10B3754-15FF-4425-8D1E-BF9A66950838} = {B051FA2A-CE39-4105-AB33-A654422D8EB3}
		{4F383D0C-3E02-46B2-9040-D372C9197CD2} = {52102DDF-40D8-4DD1-B805-752EF9FB8C4F}
		{1573CB9B-75EF-4C6F-822C-9213083D31EA} = {4D428890-6016-4B1A-8A5B-1C5FBC0767FD}
		{F699B0C8-0302-4B43-99F6-537740338265} = {391E85A1-0FA7-4749-9F0E-DEA5DC821668}
		{9B4C8A14-7A51-4236-9B15-B3146E097C30} = {52102DDF-40D8-4DD1-B805-752EF9FB8C4F}
		{9168658D-F612-45A4-8D5A-75C92D978FFF} = {AF664816-4BD5-4770-A159-333093103807}
	EndGlobalSection
	GlobalSection(ExtensibilityGlobals) = postSolution
		SolutionGuid = {C061E14C-A996-4153-8EA7-BB4C6D6A7A5E}
	EndGlobalSection
EndGlobal
